// !$*UTF8*$!
{
	archiveVersion = 1;
	classes = {
	};
	objectVersion = 56;
	objects = {

/* Begin PBXBuildFile section */
		7320A6E92C202B580088E46C /* AppDelegate.swift in Sources */ = {isa = PBXBuildFile; fileRef = 7320A6E82C202B580088E46C /* AppDelegate.swift */; };
		7320A6EB2C202B580088E46C /* SceneDelegate.swift in Sources */ = {isa = PBXBuildFile; fileRef = 7320A6EA2C202B580088E46C /* SceneDelegate.swift */; };
		7320A6ED2C202B580088E46C /* MainViewController.swift in Sources */ = {isa = PBXBuildFile; fileRef = 7320A6EC2C202B580088E46C /* MainViewController.swift */; };
		7320A6F22C202B5A0088E46C /* Assets.xcassets in Resources */ = {isa = PBXBuildFile; fileRef = 7320A6F12C202B5A0088E46C /* Assets.xcassets */; };
		7320A6F52C202B5A0088E46C /* Base in Resources */ = {isa = PBXBuildFile; fileRef = 7320A6F42C202B5A0088E46C /* Base */; };
		73CAC1052C21715B00C14F74 /* NetworkService.swift in Sources */ = {isa = PBXBuildFile; fileRef = 73CAC1042C21715B00C14F74 /* NetworkService.swift */; };
		73CAC1082C2171FD00C14F74 /* Constants.swift in Sources */ = {isa = PBXBuildFile; fileRef = 73CAC1072C2171FD00C14F74 /* Constants.swift */; };
		73CAC10B2C2172C800C14F74 /* ApiModel.swift in Sources */ = {isa = PBXBuildFile; fileRef = 73CAC10A2C2172C800C14F74 /* ApiModel.swift */; };
		73CAC10D2C217B3D00C14F74 /* Resnet50.mlmodel in Sources */ = {isa = PBXBuildFile; fileRef = 73CAC10C2C217B3D00C14F74 /* Resnet50.mlmodel */; };
		73CAC1122C21831000C14F74 /* CoreMLService.swift in Sources */ = {isa = PBXBuildFile; fileRef = 73CAC1112C21831000C14F74 /* CoreMLService.swift */; };
		73CAC1152C2189E600C14F74 /* MainPresenter.swift in Sources */ = {isa = PBXBuildFile; fileRef = 73CAC1142C2189E600C14F74 /* MainPresenter.swift */; };
		73CAC1182C218F5B00C14F74 /* UIViewCont+Ext.swift in Sources */ = {isa = PBXBuildFile; fileRef = 73CAC1172C218F5B00C14F74 /* UIViewCont+Ext.swift */; };
		73CAC11E2C21A64A00C14F74 /* Kingfisher in Frameworks */ = {isa = PBXBuildFile; productRef = 73CAC11D2C21A64A00C14F74 /* Kingfisher */; };
/* End PBXBuildFile section */

/* Begin PBXFileReference section */
		7320A6E52C202B580088E46C /* testingCoreML.app */ = {isa = PBXFileReference; explicitFileType = wrapper.application; includeInIndex = 0; path = testingCoreML.app; sourceTree = BUILT_PRODUCTS_DIR; };
		7320A6E82C202B580088E46C /* AppDelegate.swift */ = {isa = PBXFileReference; lastKnownFileType = sourcecode.swift; path = AppDelegate.swift; sourceTree = "<group>"; };
		7320A6EA2C202B580088E46C /* SceneDelegate.swift */ = {isa = PBXFileReference; lastKnownFileType = sourcecode.swift; path = SceneDelegate.swift; sourceTree = "<group>"; };
		7320A6EC2C202B580088E46C /* MainViewController.swift */ = {isa = PBXFileReference; lastKnownFileType = sourcecode.swift; path = MainViewController.swift; sourceTree = "<group>"; };
		7320A6F12C202B5A0088E46C /* Assets.xcassets */ = {isa = PBXFileReference; lastKnownFileType = folder.assetcatalog; path = Assets.xcassets; sourceTree = "<group>"; };
		7320A6F42C202B5A0088E46C /* Base */ = {isa = PBXFileReference; lastKnownFileType = file.storyboard; name = Base; path = Base.lproj/LaunchScreen.storyboard; sourceTree = "<group>"; };
		7320A6F62C202B5A0088E46C /* Info.plist */ = {isa = PBXFileReference; lastKnownFileType = text.plist.xml; path = Info.plist; sourceTree = "<group>"; };
		73CAC1042C21715B00C14F74 /* NetworkService.swift */ = {isa = PBXFileReference; lastKnownFileType = sourcecode.swift; path = NetworkService.swift; sourceTree = "<group>"; };
		73CAC1072C2171FD00C14F74 /* Constants.swift */ = {isa = PBXFileReference; lastKnownFileType = sourcecode.swift; path = Constants.swift; sourceTree = "<group>"; };
		73CAC10A2C2172C800C14F74 /* ApiModel.swift */ = {isa = PBXFileReference; lastKnownFileType = sourcecode.swift; path = ApiModel.swift; sourceTree = "<group>"; };
		73CAC10C2C217B3D00C14F74 /* Resnet50.mlmodel */ = {isa = PBXFileReference; lastKnownFileType = file.mlmodel; path = Resnet50.mlmodel; sourceTree = "<group>"; };
		73CAC1112C21831000C14F74 /* CoreMLService.swift */ = {isa = PBXFileReference; lastKnownFileType = sourcecode.swift; path = CoreMLService.swift; sourceTree = "<group>"; };
		73CAC1142C2189E600C14F74 /* MainPresenter.swift */ = {isa = PBXFileReference; lastKnownFileType = sourcecode.swift; path = MainPresenter.swift; sourceTree = "<group>"; };
		73CAC1172C218F5B00C14F74 /* UIViewCont+Ext.swift */ = {isa = PBXFileReference; lastKnownFileType = sourcecode.swift; path = "UIViewCont+Ext.swift"; sourceTree = "<group>"; };
/* End PBXFileReference section */

/* Begin PBXFrameworksBuildPhase section */
		7320A6E22C202B580088E46C /* Frameworks */ = {
			isa = PBXFrameworksBuildPhase;
			buildActionMask = 2147483647;
			files = (
				73CAC11E2C21A64A00C14F74 /* Kingfisher in Frameworks */,
			);
			runOnlyForDeploymentPostprocessing = 0;
		};
/* End PBXFrameworksBuildPhase section */

/* Begin PBXGroup section */
		7320A6DC2C202B580088E46C = {
			isa = PBXGroup;
			children = (
				7320A6E72C202B580088E46C /* testingCoreML */,
				7320A6E62C202B580088E46C /* Products */,
			);
			sourceTree = "<group>";
		};
		7320A6E62C202B580088E46C /* Products */ = {
			isa = PBXGroup;
			children = (
				7320A6E52C202B580088E46C /* testingCoreML.app */,
			);
			name = Products;
			sourceTree = "<group>";
		};
		7320A6E72C202B580088E46C /* testingCoreML */ = {
			isa = PBXGroup;
			children = (
				73CAC1092C2172C000C14F74 /* Model */,
				73CAC1022C2169DB00C14F74 /* View */,
				73CAC1132C21898400C14F74 /* Presenter */,
				73CAC1032C21714C00C14F74 /* Services */,
				73CAC1012C2169CF00C14F74 /* Supporting */,
			);
			path = testingCoreML;
			sourceTree = "<group>";
		};
		73CAC1012C2169CF00C14F74 /* Supporting */ = {
			isa = PBXGroup;
			children = (
				73CAC1162C218F4E00C14F74 /* Extensions */,
				73CAC1062C2171F500C14F74 /* Constants */,
				7320A6E82C202B580088E46C /* AppDelegate.swift */,
				7320A6EA2C202B580088E46C /* SceneDelegate.swift */,
				7320A6F12C202B5A0088E46C /* Assets.xcassets */,
				7320A6F32C202B5A0088E46C /* LaunchScreen.storyboard */,
				7320A6F62C202B5A0088E46C /* Info.plist */,
			);
			path = Supporting;
			sourceTree = "<group>";
		};
		73CAC1022C2169DB00C14F74 /* View */ = {
			isa = PBXGroup;
			children = (
				7320A6EC2C202B580088E46C /* MainViewController.swift */,
			);
			path = View;
			sourceTree = "<group>";
		};
		73CAC1032C21714C00C14F74 /* Services */ = {
			isa = PBXGroup;
			children = (
				73CAC1042C21715B00C14F74 /* NetworkService.swift */,
				73CAC1112C21831000C14F74 /* CoreMLService.swift */,
			);
			path = Services;
			sourceTree = "<group>";
		};
		73CAC1062C2171F500C14F74 /* Constants */ = {
			isa = PBXGroup;
			children = (
				73CAC1072C2171FD00C14F74 /* Constants.swift */,
			);
			path = Constants;
			sourceTree = "<group>";
		};
		73CAC1092C2172C000C14F74 /* Model */ = {
			isa = PBXGroup;
			children = (
				73CAC10F2C217BA900C14F74 /* ML */,
				73CAC10A2C2172C800C14F74 /* ApiModel.swift */,
			);
			path = Model;
			sourceTree = "<group>";
		};
		73CAC10F2C217BA900C14F74 /* ML */ = {
			isa = PBXGroup;
			children = (
				73CAC10C2C217B3D00C14F74 /* Resnet50.mlmodel */,
			);
			path = ML;
			sourceTree = "<group>";
		};
		73CAC1132C21898400C14F74 /* Presenter */ = {
			isa = PBXGroup;
			children = (
				73CAC1142C2189E600C14F74 /* MainPresenter.swift */,
			);
			path = Presenter;
			sourceTree = "<group>";
		};
		73CAC1162C218F4E00C14F74 /* Extensions */ = {
			isa = PBXGroup;
			children = (
				73CAC1172C218F5B00C14F74 /* UIViewCont+Ext.swift */,
			);
			path = Extensions;
			sourceTree = "<group>";
		};
/* End PBXGroup section */

/* Begin PBXNativeTarget section */
		7320A6E42C202B580088E46C /* testingCoreML */ = {
			isa = PBXNativeTarget;
			buildConfigurationList = 7320A6F92C202B5A0088E46C /* Build configuration list for PBXNativeTarget "testingCoreML" */;
			buildPhases = (
				7320A6E12C202B580088E46C /* Sources */,
				7320A6E22C202B580088E46C /* Frameworks */,
				7320A6E32C202B580088E46C /* Resources */,
			);
			buildRules = (
			);
			dependencies = (
			);
			name = testingCoreML;
			packageProductDependencies = (
				73CAC11D2C21A64A00C14F74 /* Kingfisher */,
			);
			productName = testingCoreML;
			productReference = 7320A6E52C202B580088E46C /* testingCoreML.app */;
			productType = "com.apple.product-type.application";
		};
/* End PBXNativeTarget section */

/* Begin PBXProject section */
		7320A6DD2C202B580088E46C /* Project object */ = {
			isa = PBXProject;
			attributes = {
				BuildIndependentTargetsInParallel = 1;
				LastSwiftUpdateCheck = 1540;
				LastUpgradeCheck = 1540;
				TargetAttributes = {
					7320A6E42C202B580088E46C = {
						CreatedOnToolsVersion = 15.4;
					};
				};
			};
			buildConfigurationList = 7320A6E02C202B580088E46C /* Build configuration list for PBXProject "testingCoreML" */;
			compatibilityVersion = "Xcode 14.0";
			developmentRegion = en;
			hasScannedForEncodings = 0;
			knownRegions = (
				en,
				Base,
			);
			mainGroup = 7320A6DC2C202B580088E46C;
			packageReferences = (
				73CAC11C2C21A64A00C14F74 /* XCRemoteSwiftPackageReference "Kingfisher" */,
			);
			productRefGroup = 7320A6E62C202B580088E46C /* Products */;
			projectDirPath = "";
			projectRoot = "";
			targets = (
				7320A6E42C202B580088E46C /* testingCoreML */,
			);
		};
/* End PBXProject section */

/* Begin PBXResourcesBuildPhase section */
		7320A6E32C202B580088E46C /* Resources */ = {
			isa = PBXResourcesBuildPhase;
			buildActionMask = 2147483647;
			files = (
				7320A6F22C202B5A0088E46C /* Assets.xcassets in Resources */,
				7320A6F52C202B5A0088E46C /* Base in Resources */,
			);
			runOnlyForDeploymentPostprocessing = 0;
		};
/* End PBXResourcesBuildPhase section */

/* Begin PBXSourcesBuildPhase section */
		7320A6E12C202B580088E46C /* Sources */ = {
			isa = PBXSourcesBuildPhase;
			buildActionMask = 2147483647;
			files = (
				73CAC10D2C217B3D00C14F74 /* Resnet50.mlmodel in Sources */,
				73CAC1122C21831000C14F74 /* CoreMLService.swift in Sources */,
				73CAC1082C2171FD00C14F74 /* Constants.swift in Sources */,
				7320A6ED2C202B580088E46C /* MainViewController.swift in Sources */,
				73CAC1182C218F5B00C14F74 /* UIViewCont+Ext.swift in Sources */,
				73CAC1152C2189E600C14F74 /* MainPresenter.swift in Sources */,
				7320A6E92C202B580088E46C /* AppDelegate.swift in Sources */,
				73CAC1052C21715B00C14F74 /* NetworkService.swift in Sources */,
				73CAC10B2C2172C800C14F74 /* ApiModel.swift in Sources */,
				7320A6EB2C202B580088E46C /* SceneDelegate.swift in Sources */,
			);
			runOnlyForDeploymentPostprocessing = 0;
		};
/* End PBXSourcesBuildPhase section */

/* Begin PBXVariantGroup section */
		7320A6F32C202B5A0088E46C /* LaunchScreen.storyboard */ = {
			isa = PBXVariantGroup;
			children = (
				7320A6F42C202B5A0088E46C /* Base */,
			);
			name = LaunchScreen.storyboard;
			sourceTree = "<group>";
		};
/* End PBXVariantGroup section */

/* Begin XCBuildConfiguration section */
		7320A6F72C202B5A0088E46C /* Debug */ = {
			isa = XCBuildConfiguration;
			buildSettings = {
				ALWAYS_SEARCH_USER_PATHS = NO;
				ASSETCATALOG_COMPILER_GENERATE_SWIFT_ASSET_SYMBOL_EXTENSIONS = YES;
				CLANG_ANALYZER_NONNULL = YES;
				CLANG_ANALYZER_NUMBER_OBJECT_CONVERSION = YES_AGGRESSIVE;
				CLANG_CXX_LANGUAGE_STANDARD = "gnu++20";
				CLANG_ENABLE_MODULES = YES;
				CLANG_ENABLE_OBJC_ARC = YES;
				CLANG_ENABLE_OBJC_WEAK = YES;
				CLANG_WARN_BLOCK_CAPTURE_AUTORELEASING = YES;
				CLANG_WARN_BOOL_CONVERSION = YES;
				CLANG_WARN_COMMA = YES;
				CLANG_WARN_CONSTANT_CONVERSION = YES;
				CLANG_WARN_DEPRECATED_OBJC_IMPLEMENTATIONS = YES;
				CLANG_WARN_DIRECT_OBJC_ISA_USAGE = YES_ERROR;
				CLANG_WARN_DOCUMENTATION_COMMENTS = YES;
				CLANG_WARN_EMPTY_BODY = YES;
				CLANG_WARN_ENUM_CONVERSION = YES;
				CLANG_WARN_INFINITE_RECURSION = YES;
				CLANG_WARN_INT_CONVERSION = YES;
				CLANG_WARN_NON_LITERAL_NULL_CONVERSION = YES;
				CLANG_WARN_OBJC_IMPLICIT_RETAIN_SELF = YES;
				CLANG_WARN_OBJC_LITERAL_CONVERSION = YES;
				CLANG_WARN_OBJC_ROOT_CLASS = YES_ERROR;
				CLANG_WARN_QUOTED_INCLUDE_IN_FRAMEWORK_HEADER = YES;
				CLANG_WARN_RANGE_LOOP_ANALYSIS = YES;
				CLANG_WARN_STRICT_PROTOTYPES = YES;
				CLANG_WARN_SUSPICIOUS_MOVE = YES;
				CLANG_WARN_UNGUARDED_AVAILABILITY = YES_AGGRESSIVE;
				CLANG_WARN_UNREACHABLE_CODE = YES;
				CLANG_WARN__DUPLICATE_METHOD_MATCH = YES;
				COPY_PHASE_STRIP = NO;
				DEBUG_INFORMATION_FORMAT = dwarf;
				ENABLE_STRICT_OBJC_MSGSEND = YES;
				ENABLE_TESTABILITY = YES;
				ENABLE_USER_SCRIPT_SANDBOXING = YES;
				GCC_C_LANGUAGE_STANDARD = gnu17;
				GCC_DYNAMIC_NO_PIC = NO;
				GCC_NO_COMMON_BLOCKS = YES;
				GCC_OPTIMIZATION_LEVEL = 0;
				GCC_PREPROCESSOR_DEFINITIONS = (
					"DEBUG=1",
					"$(inherited)",
				);
				GCC_WARN_64_TO_32_BIT_CONVERSION = YES;
				GCC_WARN_ABOUT_RETURN_TYPE = YES_ERROR;
				GCC_WARN_UNDECLARED_SELECTOR = YES;
				GCC_WARN_UNINITIALIZED_AUTOS = YES_AGGRESSIVE;
				GCC_WARN_UNUSED_FUNCTION = YES;
				GCC_WARN_UNUSED_VARIABLE = YES;
				IPHONEOS_DEPLOYMENT_TARGET = 17.5;
				LOCALIZATION_PREFERS_STRING_CATALOGS = YES;
				MTL_ENABLE_DEBUG_INFO = INCLUDE_SOURCE;
				MTL_FAST_MATH = YES;
				ONLY_ACTIVE_ARCH = YES;
				SDKROOT = iphoneos;
				SWIFT_ACTIVE_COMPILATION_CONDITIONS = "DEBUG $(inherited)";
				SWIFT_OPTIMIZATION_LEVEL = "-Onone";
			};
			name = Debug;
		};
		7320A6F82C202B5A0088E46C /* Release */ = {
			isa = XCBuildConfiguration;
			buildSettings = {
				ALWAYS_SEARCH_USER_PATHS = NO;
				ASSETCATALOG_COMPILER_GENERATE_SWIFT_ASSET_SYMBOL_EXTENSIONS = YES;
				CLANG_ANALYZER_NONNULL = YES;
				CLANG_ANALYZER_NUMBER_OBJECT_CONVERSION = YES_AGGRESSIVE;
				CLANG_CXX_LANGUAGE_STANDARD = "gnu++20";
				CLANG_ENABLE_MODULES = YES;
				CLANG_ENABLE_OBJC_ARC = YES;
				CLANG_ENABLE_OBJC_WEAK = YES;
				CLANG_WARN_BLOCK_CAPTURE_AUTORELEASING = YES;
				CLANG_WARN_BOOL_CONVERSION = YES;
				CLANG_WARN_COMMA = YES;
				CLANG_WARN_CONSTANT_CONVERSION = YES;
				CLANG_WARN_DEPRECATED_OBJC_IMPLEMENTATIONS = YES;
				CLANG_WARN_DIRECT_OBJC_ISA_USAGE = YES_ERROR;
				CLANG_WARN_DOCUMENTATION_COMMENTS = YES;
				CLANG_WARN_EMPTY_BODY = YES;
				CLANG_WARN_ENUM_CONVERSION = YES;
				CLANG_WARN_INFINITE_RECURSION = YES;
				CLANG_WARN_INT_CONVERSION = YES;
				CLANG_WARN_NON_LITERAL_NULL_CONVERSION = YES;
				CLANG_WARN_OBJC_IMPLICIT_RETAIN_SELF = YES;
				CLANG_WARN_OBJC_LITERAL_CONVERSION = YES;
				CLANG_WARN_OBJC_ROOT_CLASS = YES_ERROR;
				CLANG_WARN_QUOTED_INCLUDE_IN_FRAMEWORK_HEADER = YES;
				CLANG_WARN_RANGE_LOOP_ANALYSIS = YES;
				CLANG_WARN_STRICT_PROTOTYPES = YES;
				CLANG_WARN_SUSPICIOUS_MOVE = YES;
				CLANG_WARN_UNGUARDED_AVAILABILITY = YES_AGGRESSIVE;
				CLANG_WARN_UNREACHABLE_CODE = YES;
				CLANG_WARN__DUPLICATE_METHOD_MATCH = YES;
				COPY_PHASE_STRIP = NO;
				DEBUG_INFORMATION_FORMAT = "dwarf-with-dsym";
				ENABLE_NS_ASSERTIONS = NO;
				ENABLE_STRICT_OBJC_MSGSEND = YES;
				ENABLE_USER_SCRIPT_SANDBOXING = YES;
				GCC_C_LANGUAGE_STANDARD = gnu17;
				GCC_NO_COMMON_BLOCKS = YES;
				GCC_WARN_64_TO_32_BIT_CONVERSION = YES;
				GCC_WARN_ABOUT_RETURN_TYPE = YES_ERROR;
				GCC_WARN_UNDECLARED_SELECTOR = YES;
				GCC_WARN_UNINITIALIZED_AUTOS = YES_AGGRESSIVE;
				GCC_WARN_UNUSED_FUNCTION = YES;
				GCC_WARN_UNUSED_VARIABLE = YES;
				IPHONEOS_DEPLOYMENT_TARGET = 17.5;
				LOCALIZATION_PREFERS_STRING_CATALOGS = YES;
				MTL_ENABLE_DEBUG_INFO = NO;
				MTL_FAST_MATH = YES;
				SDKROOT = iphoneos;
				SWIFT_COMPILATION_MODE = wholemodule;
				VALIDATE_PRODUCT = YES;
			};
			name = Release;
		};
		7320A6FA2C202B5A0088E46C /* Debug */ = {
			isa = XCBuildConfiguration;
			buildSettings = {
				ASSETCATALOG_COMPILER_APPICON_NAME = AppIcon;
				ASSETCATALOG_COMPILER_GLOBAL_ACCENT_COLOR_NAME = AccentColor;
				CODE_SIGN_STYLE = Automatic;
				CURRENT_PROJECT_VERSION = 1;
				DEVELOPMENT_TEAM = 7W278NP9KT;
				GENERATE_INFOPLIST_FILE = YES;
				INFOPLIST_FILE = testingCoreML/Supporting/Info.plist;
				INFOPLIST_KEY_UIApplicationSupportsIndirectInputEvents = YES;
				INFOPLIST_KEY_UILaunchStoryboardName = LaunchScreen;
				INFOPLIST_KEY_UISupportedInterfaceOrientations = UIInterfaceOrientationPortrait;
				INFOPLIST_KEY_UISupportedInterfaceOrientations_iPad = "UIInterfaceOrientationLandscapeLeft UIInterfaceOrientationLandscapeRight UIInterfaceOrientationPortrait UIInterfaceOrientationPortraitUpsideDown";
				IPHONEOS_DEPLOYMENT_TARGET = 14.0;
				LD_RUNPATH_SEARCH_PATHS = (
					"$(inherited)",
					"@executable_path/Frameworks",
				);
				MARKETING_VERSION = 1.0;
				PRODUCT_BUNDLE_IDENTIFIER = k.Sklyarov.IndDev.testingCoreML;
				PRODUCT_NAME = "$(TARGET_NAME)";
				SUPPORTED_PLATFORMS = "iphoneos iphonesimulator";
				SUPPORTS_MACCATALYST = NO;
				SUPPORTS_MAC_DESIGNED_FOR_IPHONE_IPAD = NO;
				SUPPORTS_XR_DESIGNED_FOR_IPHONE_IPAD = NO;
				SWIFT_EMIT_LOC_STRINGS = YES;
				SWIFT_VERSION = 5.0;
				TARGETED_DEVICE_FAMILY = 1;
			};
			name = Debug;
		};
		7320A6FB2C202B5A0088E46C /* Release */ = {
			isa = XCBuildConfiguration;
			buildSettings = {
				ASSETCATALOG_COMPILER_APPICON_NAME = AppIcon;
				ASSETCATALOG_COMPILER_GLOBAL_ACCENT_COLOR_NAME = AccentColor;
				CODE_SIGN_STYLE = Automatic;
				CURRENT_PROJECT_VERSION = 1;
				DEVELOPMENT_TEAM = 7W278NP9KT;
				GENERATE_INFOPLIST_FILE = YES;
				INFOPLIST_FILE = testingCoreML/Supporting/Info.plist;
				INFOPLIST_KEY_UIApplicationSupportsIndirectInputEvents = YES;
				INFOPLIST_KEY_UILaunchStoryboardName = LaunchScreen;
				INFOPLIST_KEY_UISupportedInterfaceOrientations = UIInterfaceOrientationPortrait;
				INFOPLIST_KEY_UISupportedInterfaceOrientations_iPad = "UIInterfaceOrientationLandscapeLeft UIInterfaceOrientationLandscapeRight UIInterfaceOrientationPortrait UIInterfaceOrientationPortraitUpsideDown";
				IPHONEOS_DEPLOYMENT_TARGET = 14.0;
				LD_RUNPATH_SEARCH_PATHS = (
					"$(inherited)",
					"@executable_path/Frameworks",
				);
				MARKETING_VERSION = 1.0;
				PRODUCT_BUNDLE_IDENTIFIER = k.Sklyarov.IndDev.testingCoreML;
				PRODUCT_NAME = "$(TARGET_NAME)";
				SUPPORTED_PLATFORMS = "iphoneos iphonesimulator";
				SUPPORTS_MACCATALYST = NO;
				SUPPORTS_MAC_DESIGNED_FOR_IPHONE_IPAD = NO;
				SUPPORTS_XR_DESIGNED_FOR_IPHONE_IPAD = NO;
				SWIFT_EMIT_LOC_STRINGS = YES;
				SWIFT_VERSION = 5.0;
				TARGETED_DEVICE_FAMILY = 1;
			};
			name = Release;
		};
/* End XCBuildConfiguration section */

/* Begin XCConfigurationList section */
		7320A6E02C202B580088E46C /* Build configuration list for PBXProject "testingCoreML" */ = {
			isa = XCConfigurationList;
			buildConfigurations = (
				7320A6F72C202B5A0088E46C /* Debug */,
				7320A6F82C202B5A0088E46C /* Release */,
			);
			defaultConfigurationIsVisible = 0;
			defaultConfigurationName = Release;
		};
		7320A6F92C202B5A0088E46C /* Build configuration list for PBXNativeTarget "testingCoreML" */ = {
			isa = XCConfigurationList;
			buildConfigurations = (
				7320A6FA2C202B5A0088E46C /* Debug */,
				7320A6FB2C202B5A0088E46C /* Release */,
			);
			defaultConfigurationIsVisible = 0;
			defaultConfigurationName = Release;
		};
/* End XCConfigurationList section */

/* Begin XCRemoteSwiftPackageReference section */
		73CAC11C2C21A64A00C14F74 /* XCRemoteSwiftPackageReference "Kingfisher" */ = {
			isa = XCRemoteSwiftPackageReference;
			repositoryURL = "https://github.com/onevcat/Kingfisher.git";
			requirement = {
				branch = master;
				kind = branch;
			};
		};
/* End XCRemoteSwiftPackageReference section */

/* Begin XCSwiftPackageProductDependency section */
		73CAC11D2C21A64A00C14F74 /* Kingfisher */ = {
			isa = XCSwiftPackageProductDependency;
			package = 73CAC11C2C21A64A00C14F74 /* XCRemoteSwiftPackageReference "Kingfisher" */;
			productName = Kingfisher;
		};
/* End XCSwiftPackageProductDependency section */
	};
	rootObject = 7320A6DD2C202B580088E46C /* Project object */;
}
